// !$*UTF8*$!
{
	archiveVersion = 1;
	classes = {
	};
	objectVersion = 50;
	objects = {

/* Begin PBXBuildFile section */
		92DCD71C20F0E132007FC358 /* AppDelegate.swift in Sources */ = {isa = PBXBuildFile; fileRef = 92DCD71B20F0E132007FC358 /* AppDelegate.swift */; };
		92DCD71E20F0E132007FC358 /* ViewController.swift in Sources */ = {isa = PBXBuildFile; fileRef = 92DCD71D20F0E132007FC358 /* ViewController.swift */; };
		92DCD72120F0E132007FC358 /* Main.storyboard in Resources */ = {isa = PBXBuildFile; fileRef = 92DCD71F20F0E132007FC358 /* Main.storyboard */; };
		92DCD72320F0E133007FC358 /* Assets.xcassets in Resources */ = {isa = PBXBuildFile; fileRef = 92DCD72220F0E133007FC358 /* Assets.xcassets */; };
		92DCD72620F0E133007FC358 /* LaunchScreen.storyboard in Resources */ = {isa = PBXBuildFile; fileRef = 92DCD72420F0E133007FC358 /* LaunchScreen.storyboard */; };
		92DCD73120F0E133007FC358 /* testTests.swift in Sources */ = {isa = PBXBuildFile; fileRef = 92DCD73020F0E133007FC358 /* testTests.swift */; };
		92DCD73C20F0E133007FC358 /* testUITests.swift in Sources */ = {isa = PBXBuildFile; fileRef = 92DCD73B20F0E133007FC358 /* testUITests.swift */; };
		92DCD74A20F0E1A3007FC358 /* CircularProgressView.swift in Sources */ = {isa = PBXBuildFile; fileRef = 92DCD74920F0E1A3007FC358 /* CircularProgressView.swift */; };
		92DCD78220F11F2A007FC358 /* CustomView.m in Sources */ = {isa = PBXBuildFile; fileRef = 92DCD78120F11F2A007FC358 /* CustomView.m */; };
/* End PBXBuildFile section */

/* Begin PBXContainerItemProxy section */
		92DCD72D20F0E133007FC358 /* PBXContainerItemProxy */ = {
			isa = PBXContainerItemProxy;
			containerPortal = 92DCD71020F0E132007FC358 /* Project object */;
			proxyType = 1;
			remoteGlobalIDString = 92DCD71720F0E132007FC358;
			remoteInfo = test;
		};
		92DCD73820F0E133007FC358 /* PBXContainerItemProxy */ = {
			isa = PBXContainerItemProxy;
			containerPortal = 92DCD71020F0E132007FC358 /* Project object */;
			proxyType = 1;
			remoteGlobalIDString = 92DCD71720F0E132007FC358;
			remoteInfo = test;
		};
/* End PBXContainerItemProxy section */

/* Begin PBXFileReference section */
		92DCD71820F0E132007FC358 /* test.app */ = {isa = PBXFileReference; explicitFileType = wrapper.application; includeInIndex = 0; path = test.app; sourceTree = BUILT_PRODUCTS_DIR; };
		92DCD71B20F0E132007FC358 /* AppDelegate.swift */ = {isa = PBXFileReference; lastKnownFileType = sourcecode.swift; path = AppDelegate.swift; sourceTree = "<group>"; };
		92DCD71D20F0E132007FC358 /* ViewController.swift */ = {isa = PBXFileReference; lastKnownFileType = sourcecode.swift; path = ViewController.swift; sourceTree = "<group>"; };
		92DCD72020F0E132007FC358 /* Base */ = {isa = PBXFileReference; lastKnownFileType = file.storyboard; name = Base; path = Base.lproj/Main.storyboard; sourceTree = "<group>"; };
		92DCD72220F0E133007FC358 /* Assets.xcassets */ = {isa = PBXFileReference; lastKnownFileType = folder.assetcatalog; path = Assets.xcassets; sourceTree = "<group>"; };
		92DCD72520F0E133007FC358 /* Base */ = {isa = PBXFileReference; lastKnownFileType = file.storyboard; name = Base; path = Base.lproj/LaunchScreen.storyboard; sourceTree = "<group>"; };
		92DCD72720F0E133007FC358 /* Info.plist */ = {isa = PBXFileReference; lastKnownFileType = text.plist.xml; path = Info.plist; sourceTree = "<group>"; };
		92DCD72C20F0E133007FC358 /* testTests.xctest */ = {isa = PBXFileReference; explicitFileType = wrapper.cfbundle; includeInIndex = 0; path = testTests.xctest; sourceTree = BUILT_PRODUCTS_DIR; };
		92DCD73020F0E133007FC358 /* testTests.swift */ = {isa = PBXFileReference; lastKnownFileType = sourcecode.swift; path = testTests.swift; sourceTree = "<group>"; };
		92DCD73220F0E133007FC358 /* Info.plist */ = {isa = PBXFileReference; lastKnownFileType = text.plist.xml; path = Info.plist; sourceTree = "<group>"; };
		92DCD73720F0E133007FC358 /* testUITests.xctest */ = {isa = PBXFileReference; explicitFileType = wrapper.cfbundle; includeInIndex = 0; path = testUITests.xctest; sourceTree = BUILT_PRODUCTS_DIR; };
		92DCD73B20F0E133007FC358 /* testUITests.swift */ = {isa = PBXFileReference; lastKnownFileType = sourcecode.swift; path = testUITests.swift; sourceTree = "<group>"; };
		92DCD73D20F0E133007FC358 /* Info.plist */ = {isa = PBXFileReference; lastKnownFileType = text.plist.xml; path = Info.plist; sourceTree = "<group>"; };
		92DCD74920F0E1A3007FC358 /* CircularProgressView.swift */ = {isa = PBXFileReference; lastKnownFileType = sourcecode.swift; path = CircularProgressView.swift; sourceTree = "<group>"; };
		92DCD77F20F11F2A007FC358 /* test-Bridging-Header.h */ = {isa = PBXFileReference; lastKnownFileType = sourcecode.c.h; path = "test-Bridging-Header.h"; sourceTree = "<group>"; };
		92DCD78020F11F2A007FC358 /* CustomView.h */ = {isa = PBXFileReference; lastKnownFileType = sourcecode.c.h; path = CustomView.h; sourceTree = "<group>"; };
		92DCD78120F11F2A007FC358 /* CustomView.m */ = {isa = PBXFileReference; lastKnownFileType = sourcecode.c.objc; path = CustomView.m; sourceTree = "<group>"; };
		92DCD78420F1221F007FC358 /* README.md */ = {isa = PBXFileReference; lastKnownFileType = net.daringfireball.markdown; path = README.md; sourceTree = "<group>"; };
/* End PBXFileReference section */

/* Begin PBXFrameworksBuildPhase section */
		92DCD71520F0E132007FC358 /* Frameworks */ = {
			isa = PBXFrameworksBuildPhase;
			buildActionMask = 2147483647;
			files = (
			);
			runOnlyForDeploymentPostprocessing = 0;
		};
		92DCD72920F0E133007FC358 /* Frameworks */ = {
			isa = PBXFrameworksBuildPhase;
			buildActionMask = 2147483647;
			files = (
			);
			runOnlyForDeploymentPostprocessing = 0;
		};
		92DCD73420F0E133007FC358 /* Frameworks */ = {
			isa = PBXFrameworksBuildPhase;
			buildActionMask = 2147483647;
			files = (
			);
			runOnlyForDeploymentPostprocessing = 0;
		};
/* End PBXFrameworksBuildPhase section */

/* Begin PBXGroup section */
		92DCD70F20F0E132007FC358 = {
			isa = PBXGroup;
			children = (
				92DCD71A20F0E132007FC358 /* test */,
				92DCD72F20F0E133007FC358 /* testTests */,
				92DCD73A20F0E133007FC358 /* testUITests */,
				92DCD71920F0E132007FC358 /* Products */,
			);
			sourceTree = "<group>";
		};
		92DCD71920F0E132007FC358 /* Products */ = {
			isa = PBXGroup;
			children = (
				92DCD71820F0E132007FC358 /* test.app */,
				92DCD72C20F0E133007FC358 /* testTests.xctest */,
				92DCD73720F0E133007FC358 /* testUITests.xctest */,
			);
			name = Products;
			sourceTree = "<group>";
		};
		92DCD71A20F0E132007FC358 /* test */ = {
			isa = PBXGroup;
			children = (
				92DCD71B20F0E132007FC358 /* AppDelegate.swift */,
				92DCD71D20F0E132007FC358 /* ViewController.swift */,
				92DCD78020F11F2A007FC358 /* CustomView.h */,
				92DCD78120F11F2A007FC358 /* CustomView.m */,
				92DCD71F20F0E132007FC358 /* Main.storyboard */,
				92DCD74920F0E1A3007FC358 /* CircularProgressView.swift */,
				92DCD72220F0E133007FC358 /* Assets.xcassets */,
				92DCD72420F0E133007FC358 /* LaunchScreen.storyboard */,
				92DCD72720F0E133007FC358 /* Info.plist */,
				92DCD77F20F11F2A007FC358 /* test-Bridging-Header.h */,
				92DCD78420F1221F007FC358 /* README.md */,
			);
			path = test;
			sourceTree = "<group>";
		};
		92DCD72F20F0E133007FC358 /* testTests */ = {
			isa = PBXGroup;
			children = (
				92DCD73020F0E133007FC358 /* testTests.swift */,
				92DCD73220F0E133007FC358 /* Info.plist */,
			);
			path = testTests;
			sourceTree = "<group>";
		};
		92DCD73A20F0E133007FC358 /* testUITests */ = {
			isa = PBXGroup;
			children = (
				92DCD73B20F0E133007FC358 /* testUITests.swift */,
				92DCD73D20F0E133007FC358 /* Info.plist */,
			);
			path = testUITests;
			sourceTree = "<group>";
		};
/* End PBXGroup section */

/* Begin PBXNativeTarget section */
		92DCD71720F0E132007FC358 /* test */ = {
			isa = PBXNativeTarget;
			buildConfigurationList = 92DCD74020F0E133007FC358 /* Build configuration list for PBXNativeTarget "test" */;
			buildPhases = (
				92DCD71420F0E132007FC358 /* Sources */,
				92DCD71520F0E132007FC358 /* Frameworks */,
				92DCD71620F0E132007FC358 /* Resources */,
			);
			buildRules = (
			);
			dependencies = (
			);
			name = test;
			productName = test;
			productReference = 92DCD71820F0E132007FC358 /* test.app */;
			productType = "com.apple.product-type.application";
		};
		92DCD72B20F0E133007FC358 /* testTests */ = {
			isa = PBXNativeTarget;
			buildConfigurationList = 92DCD74320F0E133007FC358 /* Build configuration list for PBXNativeTarget "testTests" */;
			buildPhases = (
				92DCD72820F0E133007FC358 /* Sources */,
				92DCD72920F0E133007FC358 /* Frameworks */,
				92DCD72A20F0E133007FC358 /* Resources */,
			);
			buildRules = (
			);
			dependencies = (
				92DCD72E20F0E133007FC358 /* PBXTargetDependency */,
			);
			name = testTests;
			productName = testTests;
			productReference = 92DCD72C20F0E133007FC358 /* testTests.xctest */;
			productType = "com.apple.product-type.bundle.unit-test";
		};
		92DCD73620F0E133007FC358 /* testUITests */ = {
			isa = PBXNativeTarget;
			buildConfigurationList = 92DCD74620F0E133007FC358 /* Build configuration list for PBXNativeTarget "testUITests" */;
			buildPhases = (
				92DCD73320F0E133007FC358 /* Sources */,
				92DCD73420F0E133007FC358 /* Frameworks */,
				92DCD73520F0E133007FC358 /* Resources */,
			);
			buildRules = (
			);
			dependencies = (
				92DCD73920F0E133007FC358 /* PBXTargetDependency */,
			);
			name = testUITests;
			productName = testUITests;
			productReference = 92DCD73720F0E133007FC358 /* testUITests.xctest */;
			productType = "com.apple.product-type.bundle.ui-testing";
		};
/* End PBXNativeTarget section */

/* Begin PBXProject section */
		92DCD71020F0E132007FC358 /* Project object */ = {
			isa = PBXProject;
			attributes = {
				LastSwiftUpdateCheck = 0940;
				LastUpgradeCheck = 0940;
				ORGANIZATIONNAME = tm;
				TargetAttributes = {
					92DCD71720F0E132007FC358 = {
						CreatedOnToolsVersion = 9.4.1;
						LastSwiftMigration = 0940;
					};
					92DCD72B20F0E133007FC358 = {
						CreatedOnToolsVersion = 9.4.1;
						TestTargetID = 92DCD71720F0E132007FC358;
					};
					92DCD73620F0E133007FC358 = {
						CreatedOnToolsVersion = 9.4.1;
						TestTargetID = 92DCD71720F0E132007FC358;
					};
				};
			};
			buildConfigurationList = 92DCD71320F0E132007FC358 /* Build configuration list for PBXProject "test" */;
			compatibilityVersion = "Xcode 9.3";
			developmentRegion = en;
			hasScannedForEncodings = 0;
			knownRegions = (
				en,
				Base,
			);
			mainGroup = 92DCD70F20F0E132007FC358;
			productRefGroup = 92DCD71920F0E132007FC358 /* Products */;
			projectDirPath = "";
			projectRoot = "";
			targets = (
				92DCD71720F0E132007FC358 /* test */,
				92DCD72B20F0E133007FC358 /* testTests */,
				92DCD73620F0E133007FC358 /* testUITests */,
			);
		};
/* End PBXProject section */

/* Begin PBXResourcesBuildPhase section */
		92DCD71620F0E132007FC358 /* Resources */ = {
			isa = PBXResourcesBuildPhase;
			buildActionMask = 2147483647;
			files = (
				92DCD72620F0E133007FC358 /* LaunchScreen.storyboard in Resources */,
				92DCD72320F0E133007FC358 /* Assets.xcassets in Resources */,
				92DCD72120F0E132007FC358 /* Main.storyboard in Resources */,
			);
			runOnlyForDeploymentPostprocessing = 0;
		};
		92DCD72A20F0E133007FC358 /* Resources */ = {
			isa = PBXResourcesBuildPhase;
			buildActionMask = 2147483647;
			files = (
			);
			runOnlyForDeploymentPostprocessing = 0;
		};
		92DCD73520F0E133007FC358 /* Resources */ = {
			isa = PBXResourcesBuildPhase;
			buildActionMask = 2147483647;
			files = (
			);
			runOnlyForDeploymentPostprocessing = 0;
		};
/* End PBXResourcesBuildPhase section */

/* Begin PBXSourcesBuildPhase section */
		92DCD71420F0E132007FC358 /* Sources */ = {
			isa = PBXSourcesBuildPhase;
			buildActionMask = 2147483647;
			files = (
				92DCD71E20F0E132007FC358 /* ViewController.swift in Sources */,
				92DCD78220F11F2A007FC358 /* CustomView.m in Sources */,
				92DCD74A20F0E1A3007FC358 /* CircularProgressView.swift in Sources */,
				92DCD71C20F0E132007FC358 /* AppDelegate.swift in Sources */,
			);
			runOnlyForDeploymentPostprocessing = 0;
		};
		92DCD72820F0E133007FC358 /* Sources */ = {
			isa = PBXSourcesBuildPhase;
			buildActionMask = 2147483647;
			files = (
				92DCD73120F0E133007FC358 /* testTests.swift in Sources */,
			);
			runOnlyForDeploymentPostprocessing = 0;
		};
		92DCD73320F0E133007FC358 /* Sources */ = {
			isa = PBXSourcesBuildPhase;
			buildActionMask = 2147483647;
			files = (
				92DCD73C20F0E133007FC358 /* testUITests.swift in Sources */,
			);
			runOnlyForDeploymentPostprocessing = 0;
		};
/* End PBXSourcesBuildPhase section */

/* Begin PBXTargetDependency section */
		92DCD72E20F0E133007FC358 /* PBXTargetDependency */ = {
			isa = PBXTargetDependency;
			target = 92DCD71720F0E132007FC358 /* test */;
			targetProxy = 92DCD72D20F0E133007FC358 /* PBXContainerItemProxy */;
		};
		92DCD73920F0E133007FC358 /* PBXTargetDependency */ = {
			isa = PBXTargetDependency;
			target = 92DCD71720F0E132007FC358 /* test */;
			targetProxy = 92DCD73820F0E133007FC358 /* PBXContainerItemProxy */;
		};
/* End PBXTargetDependency section */

/* Begin PBXVariantGroup section */
		92DCD71F20F0E132007FC358 /* Main.storyboard */ = {
			isa = PBXVariantGroup;
			children = (
				92DCD72020F0E132007FC358 /* Base */,
			);
			name = Main.storyboard;
			sourceTree = "<group>";
		};
		92DCD72420F0E133007FC358 /* LaunchScreen.storyboard */ = {
			isa = PBXVariantGroup;
			children = (
				92DCD72520F0E133007FC358 /* Base */,
			);
			name = LaunchScreen.storyboard;
			sourceTree = "<group>";
		};
/* End PBXVariantGroup section */

/* Begin XCBuildConfiguration section */
		92DCD73E20F0E133007FC358 /* Debug */ = {
			isa = XCBuildConfiguration;
			buildSettings = {
				ALWAYS_SEARCH_USER_PATHS = NO;
				CLANG_ANALYZER_NONNULL = YES;
				CLANG_ANALYZER_NUMBER_OBJECT_CONVERSION = YES_AGGRESSIVE;
				CLANG_CXX_LANGUAGE_STANDARD = "gnu++14";
				CLANG_CXX_LIBRARY = "libc++";
				CLANG_ENABLE_MODULES = YES;
				CLANG_ENABLE_OBJC_ARC = YES;
				CLANG_ENABLE_OBJC_WEAK = YES;
				CLANG_WARN_BLOCK_CAPTURE_AUTORELEASING = YES;
				CLANG_WARN_BOOL_CONVERSION = YES;
				CLANG_WARN_COMMA = YES;
				CLANG_WARN_CONSTANT_CONVERSION = YES;
				CLANG_WARN_DEPRECATED_OBJC_IMPLEMENTATIONS = YES;
				CLANG_WARN_DIRECT_OBJC_ISA_USAGE = YES_ERROR;
				CLANG_WARN_DOCUMENTATION_COMMENTS = YES;
				CLANG_WARN_EMPTY_BODY = YES;
				CLANG_WARN_ENUM_CONVERSION = YES;
				CLANG_WARN_INFINITE_RECURSION = YES;
				CLANG_WARN_INT_CONVERSION = YES;
				CLANG_WARN_NON_LITERAL_NULL_CONVERSION = YES;
				CLANG_WARN_OBJC_IMPLICIT_RETAIN_SELF = YES;
				CLANG_WARN_OBJC_LITERAL_CONVERSION = YES;
				CLANG_WARN_OBJC_ROOT_CLASS = YES_ERROR;
				CLANG_WARN_RANGE_LOOP_ANALYSIS = YES;
				CLANG_WARN_STRICT_PROTOTYPES = YES;
				CLANG_WARN_SUSPICIOUS_MOVE = YES;
				CLANG_WARN_UNGUARDED_AVAILABILITY = YES_AGGRESSIVE;
				CLANG_WARN_UNREACHABLE_CODE = YES;
				CLANG_WARN__DUPLICATE_METHOD_MATCH = YES;
				CODE_SIGN_IDENTITY = "iPhone Developer";
				COPY_PHASE_STRIP = NO;
				DEBUG_INFORMATION_FORMAT = dwarf;
				ENABLE_STRICT_OBJC_MSGSEND = YES;
				ENABLE_TESTABILITY = YES;
				GCC_C_LANGUAGE_STANDARD = gnu11;
				GCC_DYNAMIC_NO_PIC = NO;
				GCC_NO_COMMON_BLOCKS = YES;
				GCC_OPTIMIZATION_LEVEL = 0;
				GCC_PREPROCESSOR_DEFINITIONS = (
					"DEBUG=1",
					"$(inherited)",
				);
				GCC_WARN_64_TO_32_BIT_CONVERSION = YES;
				GCC_WARN_ABOUT_RETURN_TYPE = YES_ERROR;
				GCC_WARN_UNDECLARED_SELECTOR = YES;
				GCC_WARN_UNINITIALIZED_AUTOS = YES_AGGRESSIVE;
				GCC_WARN_UNUSED_FUNCTION = YES;
				GCC_WARN_UNUSED_VARIABLE = YES;
				IPHONEOS_DEPLOYMENT_TARGET = 11.4;
				MTL_ENABLE_DEBUG_INFO = YES;
				ONLY_ACTIVE_ARCH = YES;
				SDKROOT = iphoneos;
				SWIFT_ACTIVE_COMPILATION_CONDITIONS = DEBUG;
				SWIFT_OPTIMIZATION_LEVEL = "-Onone";
			};
			name = Debug;
		};
		92DCD73F20F0E133007FC358 /* Release */ = {
			isa = XCBuildConfiguration;
			buildSettings = {
				ALWAYS_SEARCH_USER_PATHS = NO;
				CLANG_ANALYZER_NONNULL = YES;
				CLANG_ANALYZER_NUMBER_OBJECT_CONVERSION = YES_AGGRESSIVE;
				CLANG_CXX_LANGUAGE_STANDARD = "gnu++14";
				CLANG_CXX_LIBRARY = "libc++";
				CLANG_ENABLE_MODULES = YES;
				CLANG_ENABLE_OBJC_ARC = YES;
				CLANG_ENABLE_OBJC_WEAK = YES;
				CLANG_WARN_BLOCK_CAPTURE_AUTORELEASING = YES;
				CLANG_WARN_BOOL_CONVERSION = YES;
				CLANG_WARN_COMMA = YES;
				CLANG_WARN_CONSTANT_CONVERSION = YES;
				CLANG_WARN_DEPRECATED_OBJC_IMPLEMENTATIONS = YES;
				CLANG_WARN_DIRECT_OBJC_ISA_USAGE = YES_ERROR;
				CLANG_WARN_DOCUMENTATION_COMMENTS = YES;
				CLANG_WARN_EMPTY_BODY = YES;
				CLANG_WARN_ENUM_CONVERSION = YES;
				CLANG_WARN_INFINITE_RECURSION = YES;
				CLANG_WARN_INT_CONVERSION = YES;
				CLANG_WARN_NON_LITERAL_NULL_CONVERSION = YES;
				CLANG_WARN_OBJC_IMPLICIT_RETAIN_SELF = YES;
				CLANG_WARN_OBJC_LITERAL_CONVERSION = YES;
				CLANG_WARN_OBJC_ROOT_CLASS = YES_ERROR;
				CLANG_WARN_RANGE_LOOP_ANALYSIS = YES;
				CLANG_WARN_STRICT_PROTOTYPES = YES;
				CLANG_WARN_SUSPICIOUS_MOVE = YES;
				CLANG_WARN_UNGUARDED_AVAILABILITY = YES_AGGRESSIVE;
				CLANG_WARN_UNREACHABLE_CODE = YES;
				CLANG_WARN__DUPLICATE_METHOD_MATCH = YES;
				CODE_SIGN_IDENTITY = "iPhone Developer";
				COPY_PHASE_STRIP = NO;
				DEBUG_INFORMATION_FORMAT = "dwarf-with-dsym";
				ENABLE_NS_ASSERTIONS = NO;
				ENABLE_STRICT_OBJC_MSGSEND = YES;
				GCC_C_LANGUAGE_STANDARD = gnu11;
				GCC_NO_COMMON_BLOCKS = YES;
				GCC_WARN_64_TO_32_BIT_CONVERSION = YES;
				GCC_WARN_ABOUT_RETURN_TYPE = YES_ERROR;
				GCC_WARN_UNDECLARED_SELECTOR = YES;
				GCC_WARN_UNINITIALIZED_AUTOS = YES_AGGRESSIVE;
				GCC_WARN_UNUSED_FUNCTION = YES;
				GCC_WARN_UNUSED_VARIABLE = YES;
				IPHONEOS_DEPLOYMENT_TARGET = 11.4;
				MTL_ENABLE_DEBUG_INFO = NO;
				SDKROOT = iphoneos;
				SWIFT_COMPILATION_MODE = wholemodule;
				SWIFT_OPTIMIZATION_LEVEL = "-O";
				VALIDATE_PRODUCT = YES;
			};
			name = Release;
		};
		92DCD74120F0E133007FC358 /* Debug */ = {
			isa = XCBuildConfiguration;
			buildSettings = {
				ASSETCATALOG_COMPILER_APPICON_NAME = AppIcon;
				CLANG_ENABLE_MODULES = YES;
				CODE_SIGN_STYLE = Automatic;
				DEVELOPMENT_TEAM = SXFRH3ET8C;
				INFOPLIST_FILE = test/Info.plist;
				LD_RUNPATH_SEARCH_PATHS = (
					"$(inherited)",
					"@executable_path/Frameworks",
				);
				PRODUCT_BUNDLE_IDENTIFIER = cc.lxo.test;
				PRODUCT_NAME = "$(TARGET_NAME)";
				SWIFT_OBJC_BRIDGING_HEADER = "test/test-Bridging-Header.h";
				SWIFT_OPTIMIZATION_LEVEL = "-Onone";
				SWIFT_VERSION = 4.0;
				TARGETED_DEVICE_FAMILY = "1,2";
			};
			name = Debug;
		};
		92DCD74220F0E133007FC358 /* Release */ = {
			isa = XCBuildConfiguration;
			buildSettings = {
				ASSETCATALOG_COMPILER_APPICON_NAME = AppIcon;
				CLANG_ENABLE_MODULES = YES;
				CODE_SIGN_STYLE = Automatic;
				DEVELOPMENT_TEAM = SXFRH3ET8C;
				INFOPLIST_FILE = test/Info.plist;
				LD_RUNPATH_SEARCH_PATHS = (
					"$(inherited)",
					"@executable_path/Frameworks",
				);
				PRODUCT_BUNDLE_IDENTIFIER = cc.lxo.test;
				PRODUCT_NAME = "$(TARGET_NAME)";
				SWIFT_OBJC_BRIDGING_HEADER = "test/test-Bridging-Header.h";
				SWIFT_VERSION = 4.0;
				TARGETED_DEVICE_FAMILY = "1,2";
			};
			name = Release;
		};
		92DCD74420F0E133007FC358 /* Debug */ = {
			isa = XCBuildConfiguration;
			buildSettings = {
				ALWAYS_EMBED_SWIFT_STANDARD_LIBRARIES = YES;
				BUNDLE_LOADER = "$(TEST_HOST)";
				CODE_SIGN_STYLE = Automatic;
				INFOPLIST_FILE = testTests/Info.plist;
				LD_RUNPATH_SEARCH_PATHS = (
					"$(inherited)",
					"@executable_path/Frameworks",
					"@loader_path/Frameworks",
				);
				PRODUCT_BUNDLE_IDENTIFIER = cc.lxo.testTests;
				PRODUCT_NAME = "$(TARGET_NAME)";
				SWIFT_VERSION = 4.0;
				TARGETED_DEVICE_FAMILY = "1,2";
				TEST_HOST = "$(BUILT_PRODUCTS_DIR)/test.app/test";
			};
			name = Debug;
		};
		92DCD74520F0E133007FC358 /* Release */ = {
			isa = XCBuildConfiguration;
			buildSettings = {
				ALWAYS_EMBED_SWIFT_STANDARD_LIBRARIES = YES;
				BUNDLE_LOADER = "$(TEST_HOST)";
				CODE_SIGN_STYLE = Automatic;
				INFOPLIST_FILE = testTests/Info.plist;
				LD_RUNPATH_SEARCH_PATHS = (
					"$(inherited)",
					"@executable_path/Frameworks",
					"@loader_path/Frameworks",
				);
				PRODUCT_BUNDLE_IDENTIFIER = cc.lxo.testTests;
				PRODUCT_NAME = "$(TARGET_NAME)";
				SWIFT_VERSION = 4.0;
				TARGETED_DEVICE_FAMILY = "1,2";
				TEST_HOST = "$(BUILT_PRODUCTS_DIR)/test.app/test";
			};
			name = Release;
		};
		92DCD74720F0E133007FC358 /* Debug */ = {
			isa = XCBuildConfiguration;
			buildSettings = {
				ALWAYS_EMBED_SWIFT_STANDARD_LIBRARIES = YES;
				CODE_SIGN_STYLE = Automatic;
				INFOPLIST_FILE = testUITests/Info.plist;
				LD_RUNPATH_SEARCH_PATHS = (
					"$(inherited)",
					"@executable_path/Frameworks",
					"@loader_path/Frameworks",
				);
				PRODUCT_BUNDLE_IDENTIFIER = cc.lxo.testUITests;
				PRODUCT_NAME = "$(TARGET_NAME)";
				SWIFT_VERSION = 4.0;
				TARGETED_DEVICE_FAMILY = "1,2";
				TEST_TARGET_NAME = test;
			};
			name = Debug;
		};
		92DCD74820F0E133007FC358 /* Release */ = {
			isa = XCBuildConfiguration;
			buildSettings = {
				ALWAYS_EMBED_SWIFT_STANDARD_LIBRARIES = YES;
				CODE_SIGN_STYLE = Automatic;
				INFOPLIST_FILE = testUITests/Info.plist;
				LD_RUNPATH_SEARCH_PATHS = (
					"$(inherited)",
					"@executable_path/Frameworks",
					"@loader_path/Frameworks",
				);
				PRODUCT_BUNDLE_IDENTIFIER = cc.lxo.testUITests;
				PRODUCT_NAME = "$(TARGET_NAME)";
				SWIFT_VERSION = 4.0;
				TARGETED_DEVICE_FAMILY = "1,2";
				TEST_TARGET_NAME = test;
			};
			name = Release;
		};
/* End XCBuildConfiguration section */

/* Begin XCConfigurationList section */
		92DCD71320F0E132007FC358 /* Build configuration list for PBXProject "test" */ = {
			isa = XCConfigurationList;
			buildConfigurations = (
				92DCD73E20F0E133007FC358 /* Debug */,
				92DCD73F20F0E133007FC358 /* Release */,
			);
			defaultConfigurationIsVisible = 0;
			defaultConfigurationName = Release;
		};
		92DCD74020F0E133007FC358 /* Build configuration list for PBXNativeTarget "test" */ = {
			isa = XCConfigurationList;
			buildConfigurations = (
				92DCD74120F0E133007FC358 /* Debug */,
				92DCD74220F0E133007FC358 /* Release */,
			);
			defaultConfigurationIsVisible = 0;
			defaultConfigurationName = Release;
		};
		92DCD74320F0E133007FC358 /* Build configuration list for PBXNativeTarget "testTests" */ = {
			isa = XCConfigurationList;
			buildConfigurations = (
				92DCD74420F0E133007FC358 /* Debug */,
				92DCD74520F0E133007FC358 /* Release */,
			);
			defaultConfigurationIsVisible = 0;
			defaultConfigurationName = Release;
		};
		92DCD74620F0E133007FC358 /* Build configuration list for PBXNativeTarget "testUITests" */ = {
			isa = XCConfigurationList;
			buildConfigurations = (
				92DCD74720F0E133007FC358 /* Debug */,
				92DCD74820F0E133007FC358 /* Release */,
			);
			defaultConfigurationIsVisible = 0;
			defaultConfigurationName = Release;
		};
/* End XCConfigurationList section */
	};
	rootObject = 92DCD71020F0E132007FC358 /* Project object */;
}
